
Microsoft Visual Studio Solution File, Format Version 12.00
# Visual Studio Version 17
VisualStudioVersion = 17.4.33213.308
MinimumVisualStudioVersion = 10.0.40219.1
Project("{FAE04EC0-301F-11D3-BF4B-00C04F79EFBC}") = "JWTGenerator", "JWTGenerator.csproj", "{F6290DF4-DC99-49C3-9FCC-54A80C3DFD77}"
EndProject
Global
	GlobalSection(SolutionConfigurationPlatforms) = preSolution
		Debug|Any CPU = Debug|Any CPU
		Release|Any CPU = Release|Any CPU
	EndGlobalSection
	GlobalSection(ProjectConfigurationPlatforms) = postSolution
		{F6290DF4-DC99-49C3-9FCC-54A80C3DFD77}.Debug|Any CPU.ActiveCfg = Debug|Any CPU
		{F6290DF4-DC99-49C3-9FCC-54A80C3DFD77}.Debug|Any CPU.Build.0 = Debug|Any CPU
		{F6290DF4-DC99-49C3-9FCC-54A80C3DFD77}.Release|Any CPU.ActiveCfg = Release|Any CPU
		{F6290DF4-DC99-49C3-9FCC-54A80C3DFD77}.Release|Any CPU.Build.0 = Release|Any CPU
	EndGlobalSection
	GlobalSection(SolutionProperties) = preSolution
		HideSolutionNode = FALSE
	EndGlobalSection
	GlobalSection(ExtensibilityGlobals) = postSolution
		SolutionGuid = {88F35329-E66D-4C31-8625-7CD3FD253D06}
	EndGlobalSection
EndGlobal
